
Microsoft Visual Studio Solution File, Format Version 12.00
# Visual Studio 2013
VisualStudioVersion = 12.0.31101.0
MinimumVisualStudioVersion = 10.0.40219.1
Project("{FAE04EC0-301F-11D3-BF4B-00C04F79EFBC}") = "UmengUpdateBinding", "UmengUpdateBinding\UmengUpdateBinding.csproj", "{50AC5C66-6913-426E-ABD9-710C47E67A62}"
EndProject
Project("{FAE04EC0-301F-11D3-BF4B-00C04F79EFBC}") = "Sample", "Sample\Sample.csproj", "{22312912-A605-4E43-8810-A6009EC2C1BF}"
EndProject
Global
	GlobalSection(SolutionConfigurationPlatforms) = preSolution
		Debug|Any CPU = Debug|Any CPU
		Release|Any CPU = Release|Any CPU
	EndGlobalSection
	GlobalSection(ProjectConfigurationPlatforms) = postSolution
		{50AC5C66-6913-426E-ABD9-710C47E67A62}.Debug|Any CPU.ActiveCfg = Debug|Any CPU
		{50AC5C66-6913-426E-ABD9-710C47E67A62}.Debug|Any CPU.Build.0 = Debug|Any CPU
		{50AC5C66-6913-426E-ABD9-710C47E67A62}.Release|Any CPU.ActiveCfg = Release|Any CPU
		{50AC5C66-6913-426E-ABD9-710C47E67A62}.Release|Any CPU.Build.0 = Release|Any CPU
		{22312912-A605-4E43-8810-A6009EC2C1BF}.Debug|Any CPU.ActiveCfg = Debug|Any CPU
		{22312912-A605-4E43-8810-A6009EC2C1BF}.Debug|Any CPU.Build.0 = Debug|Any CPU
		{22312912-A605-4E43-8810-A6009EC2C1BF}.Debug|Any CPU.Deploy.0 = Debug|Any CPU
		{22312912-A605-4E43-8810-A6009EC2C1BF}.Release|Any CPU.ActiveCfg = Release|Any CPU
		{22312912-A605-4E43-8810-A6009EC2C1BF}.Release|Any CPU.Build.0 = Release|Any CPU
		{22312912-A605-4E43-8810-A6009EC2C1BF}.Release|Any CPU.Deploy.0 = Release|Any CPU
	EndGlobalSection
	GlobalSection(SolutionProperties) = preSolution
		HideSolutionNode = FALSE
	EndGlobalSection
EndGlobal
